// !$*UTF8*$!
{
	archiveVersion = 1;
	classes = {
	};
	objectVersion = 56;
	objects = {

/* Begin PBXBuildFile section */
		ED04D6E52BB1A3C900E5DE59 /* Sudo.swift in Sources */ = {isa = PBXBuildFile; fileRef = ED04D6E42BB1A3C900E5DE59 /* Sudo.swift */; };
		ED04D6E72BB1A52F00E5DE59 /* PID.swift in Sources */ = {isa = PBXBuildFile; fileRef = ED04D6E62BB1A52F00E5DE59 /* PID.swift */; };
		ED04D6EA2BB1A8AB00E5DE59 /* Command.swift in Sources */ = {isa = PBXBuildFile; fileRef = ED04D6E92BB1A8AB00E5DE59 /* Command.swift */; };
		ED0DB8092BC5D990009AE5B2 /* BrantaAnalytics.swift in Sources */ = {isa = PBXBuildFile; fileRef = ED0DB8082BC5D990009AE5B2 /* BrantaAnalytics.swift */; };
		ED19A7A52B123F00004375C7 /* BrantaNotify.swift in Sources */ = {isa = PBXBuildFile; fileRef = ED19A7A42B123F00004375C7 /* BrantaNotify.swift */; };
		ED1A3C812BC41E8E00895C5A /* APITests.swift in Sources */ = {isa = PBXBuildFile; fileRef = ED1A3C802BC41E8E00895C5A /* APITests.swift */; };
		ED1A3C842BC42C5A00895C5A /* Architecture.swift in Sources */ = {isa = PBXBuildFile; fileRef = ED1A3C832BC42C5A00895C5A /* Architecture.swift */; };
		ED1A3C862BC4390900895C5A /* ArchitectureTests.swift in Sources */ = {isa = PBXBuildFile; fileRef = ED1A3C852BC4390900895C5A /* ArchitectureTests.swift */; };
		ED1A3C882BC4401900895C5A /* BridgeTests.swift in Sources */ = {isa = PBXBuildFile; fileRef = ED1A3C872BC4401900895C5A /* BridgeTests.swift */; };
		ED1A3C8B2BC4D98500895C5A /* Yams in Frameworks */ = {isa = PBXBuildFile; productRef = ED1A3C8A2BC4D98500895C5A /* Yams */; };
		ED1A3C8D2BC4D9DF00895C5A /* InstallerHashes.yaml in Resources */ = {isa = PBXBuildFile; fileRef = ED1A3C8C2BC4D9DF00895C5A /* InstallerHashes.yaml */; };
		ED1A3C8F2BC4E04E00895C5A /* Matcher.swift in Sources */ = {isa = PBXBuildFile; fileRef = ED1A3C8E2BC4E04E00895C5A /* Matcher.swift */; };
		ED1D573F2BC2DE710001DAD2 /* VersionCompTests.swift in Sources */ = {isa = PBXBuildFile; fileRef = ED1D573E2BC2DE710001DAD2 /* VersionCompTests.swift */; };
		ED26BA512BD19A1000F42CD6 /* Mac_CheckSums.yaml in Resources */ = {isa = PBXBuildFile; fileRef = ED26BA502BD19A1000F42CD6 /* Mac_CheckSums.yaml */; };
		ED2C6EF32B0AC5AA00EC577C /* BitcoinAddress.swift in Sources */ = {isa = PBXBuildFile; fileRef = ED2C6EF22B0AC5AA00EC577C /* BitcoinAddress.swift */; };
		ED2C6EF62B0BAFA200EC577C /* Clipboard.swift in Sources */ = {isa = PBXBuildFile; fileRef = ED2C6EF52B0BAFA200EC577C /* Clipboard.swift */; };
		ED3170952B826494003D77D4 /* VersionComp.swift in Sources */ = {isa = PBXBuildFile; fileRef = ED3170942B826494003D77D4 /* VersionComp.swift */; };
		ED332B2C2BD2B004000C0EE4 /* YAMLParser.swift in Sources */ = {isa = PBXBuildFile; fileRef = ED332B2B2BD2B004000C0EE4 /* YAMLParser.swift */; };
		ED3A961A2BC2F15C00262E72 /* UpdaterTests.swift in Sources */ = {isa = PBXBuildFile; fileRef = ED3A96192BC2F15C00262E72 /* UpdaterTests.swift */; };
		ED3A961C2BC2F33100262E72 /* ShaTests.swift in Sources */ = {isa = PBXBuildFile; fileRef = ED3A961B2BC2F33100262E72 /* ShaTests.swift */; };
		ED3A961E2BC2F81900262E72 /* ObserversTests.swift in Sources */ = {isa = PBXBuildFile; fileRef = ED3A961D2BC2F81900262E72 /* ObserversTests.swift */; };
		ED3A96202BC307F200262E72 /* HexColorTests.swift in Sources */ = {isa = PBXBuildFile; fileRef = ED3A961F2BC307F200262E72 /* HexColorTests.swift */; };
		ED3A96222BC30A2A00262E72 /* PIDUtilTests.swift in Sources */ = {isa = PBXBuildFile; fileRef = ED3A96212BC30A2A00262E72 /* PIDUtilTests.swift */; };
		ED3BE2C92B6E93AC00CEC8FE /* MenuHelper.swift in Sources */ = {isa = PBXBuildFile; fileRef = ED3BE2C82B6E93AC00CEC8FE /* MenuHelper.swift */; };
		ED4535BC2BB60A9C00536491 /* String.swift in Sources */ = {isa = PBXBuildFile; fileRef = ED4535BB2BB60A9C00536491 /* String.swift */; };
		ED4535C02BB60B7700536491 /* StringExtensionTests.swift in Sources */ = {isa = PBXBuildFile; fileRef = ED4535BE2BB60B2000536491 /* StringExtensionTests.swift */; };
		ED45421C2BD86E720075E746 /* CrawledWallet.swift in Sources */ = {isa = PBXBuildFile; fileRef = ED45421B2BD86E720075E746 /* CrawledWallet.swift */; };
		ED45421E2BD874460075E746 /* AppVersion.swift in Sources */ = {isa = PBXBuildFile; fileRef = ED45421D2BD874460075E746 /* AppVersion.swift */; };
		ED4E9F512B3DB64B0000F751 /* Bridge.swift in Sources */ = {isa = PBXBuildFile; fileRef = ED4E9F502B3DB64B0000F751 /* Bridge.swift */; };
		ED4FA1CC2B4F0C360094D845 /* HelpViewController.swift in Sources */ = {isa = PBXBuildFile; fileRef = ED4FA1CB2B4F0C360094D845 /* HelpViewController.swift */; };
		ED57437B2B351E990001956A /* Automation.swift in Sources */ = {isa = PBXBuildFile; fileRef = ED57437A2B351E990001956A /* Automation.swift */; };
		ED57437D2B3641AF0001956A /* BrantaViewController.swift in Sources */ = {isa = PBXBuildFile; fileRef = ED57437C2B3641AF0001956A /* BrantaViewController.swift */; };
		ED611DDB2BC3574200FAE51B /* API.swift in Sources */ = {isa = PBXBuildFile; fileRef = ED611DDA2BC3574200FAE51B /* API.swift */; };
		ED643CD32B5168BF00FEBE36 /* VerifyTests.swift in Sources */ = {isa = PBXBuildFile; fileRef = ED643CD22B5168BF00FEBE36 /* VerifyTests.swift */; };
		ED643CD52B519C3D00FEBE36 /* BrantaViewControllerTests.swift in Sources */ = {isa = PBXBuildFile; fileRef = ED643CD42B519C3D00FEBE36 /* BrantaViewControllerTests.swift */; };
		ED643CD92B519F0A00FEBE36 /* AutomationTests.swift in Sources */ = {isa = PBXBuildFile; fileRef = ED643CD82B519F0A00FEBE36 /* AutomationTests.swift */; };
		ED643CDD2B519F6600FEBE36 /* WalletTests.swift in Sources */ = {isa = PBXBuildFile; fileRef = ED643CDC2B519F6600FEBE36 /* WalletTests.swift */; };
		ED643CDF2B51A00600FEBE36 /* SparrowTests.swift in Sources */ = {isa = PBXBuildFile; fileRef = ED643CDE2B51A00600FEBE36 /* SparrowTests.swift */; };
		ED6B0F952B0F8E5700715283 /* bip39wordlist.txt in Resources */ = {isa = PBXBuildFile; fileRef = ED6B0F942B0F8E5700715283 /* bip39wordlist.txt */; };
		ED73E9592B07D684005742BA /* AppDelegate.swift in Sources */ = {isa = PBXBuildFile; fileRef = ED73E9582B07D684005742BA /* AppDelegate.swift */; };
		ED73E95D2B07D686005742BA /* Assets.xcassets in Resources */ = {isa = PBXBuildFile; fileRef = ED73E95C2B07D686005742BA /* Assets.xcassets */; };
		ED73E9602B07D686005742BA /* Main.storyboard in Resources */ = {isa = PBXBuildFile; fileRef = ED73E95E2B07D686005742BA /* Main.storyboard */; };
		ED73E9752B07D686005742BA /* brantaUITests.swift in Sources */ = {isa = PBXBuildFile; fileRef = ED73E9742B07D686005742BA /* brantaUITests.swift */; };
		ED73E9772B07D686005742BA /* brantaUITestsLaunchTests.swift in Sources */ = {isa = PBXBuildFile; fileRef = ED73E9762B07D686005742BA /* brantaUITestsLaunchTests.swift */; };
		ED73E9872B0820C9005742BA /* Sparrow.swift in Sources */ = {isa = PBXBuildFile; fileRef = ED73E9862B0820C9005742BA /* Sparrow.swift */; };
		ED73E98B2B0820F1005742BA /* Wallet.swift in Sources */ = {isa = PBXBuildFile; fileRef = ED73E98A2B0820F1005742BA /* Wallet.swift */; };
		ED7B16B22B556A650003EFEB /* Foreground.swift in Sources */ = {isa = PBXBuildFile; fileRef = ED7B16B12B556A650003EFEB /* Foreground.swift */; };
		ED97B84E2B9F46A3007DD2F5 /* Updater.swift in Sources */ = {isa = PBXBuildFile; fileRef = ED97B84D2B9F46A3007DD2F5 /* Updater.swift */; };
		ED9B39B12B94C8AC00F0BA86 /* SettingsView.swift in Sources */ = {isa = PBXBuildFile; fileRef = ED9B39B02B94C8AC00F0BA86 /* SettingsView.swift */; };
		EDB075DB2B2F5815002C45A0 /* ClipboardTests.swift in Sources */ = {isa = PBXBuildFile; fileRef = EDB075DA2B2F5815002C45A0 /* ClipboardTests.swift */; };
		EDB5B0C42B3A76D40015515F /* Observers.swift in Sources */ = {isa = PBXBuildFile; fileRef = EDB5B0C32B3A76D40015515F /* Observers.swift */; };
		EDB9F70D2BA9B7E300F0C005 /* NetworkViewController.swift in Sources */ = {isa = PBXBuildFile; fileRef = EDB9F70C2BA9B7E300F0C005 /* NetworkViewController.swift */; };
		EDB9F70F2BA9D91600F0C005 /* TrafficMonitor.swift in Sources */ = {isa = PBXBuildFile; fileRef = EDB9F70E2BA9D91600F0C005 /* TrafficMonitor.swift */; };
		EDC310412B1F7A38005BCBBA /* NostrAddress.swift in Sources */ = {isa = PBXBuildFile; fileRef = EDC310402B1F7A38005BCBBA /* NostrAddress.swift */; };
		EDC31E0B2B84DBE4005F0C43 /* Countly in Frameworks */ = {isa = PBXBuildFile; productRef = EDC31E0A2B84DBE4005F0C43 /* Countly */; };
		EDC6CA762BB8E4D1009C9342 /* Connection.swift in Sources */ = {isa = PBXBuildFile; fileRef = EDC6CA752BB8E4D1009C9342 /* Connection.swift */; };
		EDD0117F2B6580760091CAAD /* Installer.swift in Sources */ = {isa = PBXBuildFile; fileRef = EDD0117E2B6580760091CAAD /* Installer.swift */; };
		EDD011822B67F5890091CAAD /* DropView.swift in Sources */ = {isa = PBXBuildFile; fileRef = EDD011812B67F5890091CAAD /* DropView.swift */; };
		EDD011842B6C56F00091CAAD /* Sha.swift in Sources */ = {isa = PBXBuildFile; fileRef = EDD011832B6C56F00091CAAD /* Sha.swift */; };
		EDD011862B6D749D0091CAAD /* Settings.swift in Sources */ = {isa = PBXBuildFile; fileRef = EDD011852B6D749D0091CAAD /* Settings.swift */; };
		EDD011882B6D80040091CAAD /* SettingsViewController.swift in Sources */ = {isa = PBXBuildFile; fileRef = EDD011872B6D80040091CAAD /* SettingsViewController.swift */; };
		EDD65EA52BC22CF100531800 /* BrantaLogger.swift in Sources */ = {isa = PBXBuildFile; fileRef = EDD65EA42BC22CF100531800 /* BrantaLogger.swift */; };
		EDD65EA72BC231D000531800 /* BrantaConstants.swift in Sources */ = {isa = PBXBuildFile; fileRef = EDD65EA62BC231D000531800 /* BrantaConstants.swift */; };
		EDD915272B0C3C8000A288FE /* Verify.swift in Sources */ = {isa = PBXBuildFile; fileRef = EDD915262B0C3C8000A288FE /* Verify.swift */; };
		EDE51F3F2BD3F943009D73DC /* YAMLSaver.swift in Sources */ = {isa = PBXBuildFile; fileRef = EDE51F3E2BD3F943009D73DC /* YAMLSaver.swift */; };
		EDEAE53F2BB8F162002D7EE1 /* ConnectionTests.swift in Sources */ = {isa = PBXBuildFile; fileRef = EDEAE53E2BB8F162002D7EE1 /* ConnectionTests.swift */; };
		EDEAE5412BB8F2E7002D7EE1 /* CommandTests.swift in Sources */ = {isa = PBXBuildFile; fileRef = EDEAE5402BB8F2E7002D7EE1 /* CommandTests.swift */; };
		EDFFC2BB2B39CF930052D92D /* HexColor.swift in Sources */ = {isa = PBXBuildFile; fileRef = EDFFC2BA2B39CF930052D92D /* HexColor.swift */; };
/* End PBXBuildFile section */

/* Begin PBXContainerItemProxy section */
		ED73E9672B07D686005742BA /* PBXContainerItemProxy */ = {
			isa = PBXContainerItemProxy;
			containerPortal = ED73E94D2B07D684005742BA /* Project object */;
			proxyType = 1;
			remoteGlobalIDString = ED73E9542B07D684005742BA;
			remoteInfo = branta;
		};
		ED73E9712B07D686005742BA /* PBXContainerItemProxy */ = {
			isa = PBXContainerItemProxy;
			containerPortal = ED73E94D2B07D684005742BA /* Project object */;
			proxyType = 1;
			remoteGlobalIDString = ED73E9542B07D684005742BA;
			remoteInfo = branta;
		};
/* End PBXContainerItemProxy section */

/* Begin PBXFileReference section */
		ED04D6E42BB1A3C900E5DE59 /* Sudo.swift */ = {isa = PBXFileReference; lastKnownFileType = sourcecode.swift; path = Sudo.swift; sourceTree = "<group>"; };
		ED04D6E62BB1A52F00E5DE59 /* PID.swift */ = {isa = PBXFileReference; lastKnownFileType = sourcecode.swift; path = PID.swift; sourceTree = "<group>"; };
		ED04D6E92BB1A8AB00E5DE59 /* Command.swift */ = {isa = PBXFileReference; lastKnownFileType = sourcecode.swift; path = Command.swift; sourceTree = "<group>"; };
		ED0DB8082BC5D990009AE5B2 /* BrantaAnalytics.swift */ = {isa = PBXFileReference; lastKnownFileType = sourcecode.swift; path = BrantaAnalytics.swift; sourceTree = "<group>"; };
		ED19A7A42B123F00004375C7 /* BrantaNotify.swift */ = {isa = PBXFileReference; lastKnownFileType = sourcecode.swift; path = BrantaNotify.swift; sourceTree = "<group>"; };
		ED1A3C802BC41E8E00895C5A /* APITests.swift */ = {isa = PBXFileReference; lastKnownFileType = sourcecode.swift; path = APITests.swift; sourceTree = "<group>"; };
		ED1A3C832BC42C5A00895C5A /* Architecture.swift */ = {isa = PBXFileReference; lastKnownFileType = sourcecode.swift; path = Architecture.swift; sourceTree = "<group>"; };
		ED1A3C852BC4390900895C5A /* ArchitectureTests.swift */ = {isa = PBXFileReference; lastKnownFileType = sourcecode.swift; path = ArchitectureTests.swift; sourceTree = "<group>"; };
		ED1A3C872BC4401900895C5A /* BridgeTests.swift */ = {isa = PBXFileReference; lastKnownFileType = sourcecode.swift; path = BridgeTests.swift; sourceTree = "<group>"; };
		ED1A3C8C2BC4D9DF00895C5A /* InstallerHashes.yaml */ = {isa = PBXFileReference; lastKnownFileType = text.yaml; path = InstallerHashes.yaml; sourceTree = "<group>"; };
		ED1A3C8E2BC4E04E00895C5A /* Matcher.swift */ = {isa = PBXFileReference; lastKnownFileType = sourcecode.swift; path = Matcher.swift; sourceTree = "<group>"; };
		ED1D573E2BC2DE710001DAD2 /* VersionCompTests.swift */ = {isa = PBXFileReference; lastKnownFileType = sourcecode.swift; path = VersionCompTests.swift; sourceTree = "<group>"; };
		ED26BA502BD19A1000F42CD6 /* Mac_CheckSums.yaml */ = {isa = PBXFileReference; lastKnownFileType = text.yaml; path = Mac_CheckSums.yaml; sourceTree = "<group>"; };
		ED2C6EF22B0AC5AA00EC577C /* BitcoinAddress.swift */ = {isa = PBXFileReference; lastKnownFileType = sourcecode.swift; path = BitcoinAddress.swift; sourceTree = "<group>"; };
		ED2C6EF52B0BAFA200EC577C /* Clipboard.swift */ = {isa = PBXFileReference; lastKnownFileType = sourcecode.swift; path = Clipboard.swift; sourceTree = "<group>"; };
		ED3170942B826494003D77D4 /* VersionComp.swift */ = {isa = PBXFileReference; lastKnownFileType = sourcecode.swift; path = VersionComp.swift; sourceTree = "<group>"; };
		ED332B2B2BD2B004000C0EE4 /* YAMLParser.swift */ = {isa = PBXFileReference; lastKnownFileType = sourcecode.swift; path = YAMLParser.swift; sourceTree = "<group>"; };
		ED3A96192BC2F15C00262E72 /* UpdaterTests.swift */ = {isa = PBXFileReference; lastKnownFileType = sourcecode.swift; path = UpdaterTests.swift; sourceTree = "<group>"; };
		ED3A961B2BC2F33100262E72 /* ShaTests.swift */ = {isa = PBXFileReference; lastKnownFileType = sourcecode.swift; path = ShaTests.swift; sourceTree = "<group>"; };
		ED3A961D2BC2F81900262E72 /* ObserversTests.swift */ = {isa = PBXFileReference; lastKnownFileType = sourcecode.swift; path = ObserversTests.swift; sourceTree = "<group>"; };
		ED3A961F2BC307F200262E72 /* HexColorTests.swift */ = {isa = PBXFileReference; lastKnownFileType = sourcecode.swift; path = HexColorTests.swift; sourceTree = "<group>"; };
		ED3A96212BC30A2A00262E72 /* PIDUtilTests.swift */ = {isa = PBXFileReference; lastKnownFileType = sourcecode.swift; path = PIDUtilTests.swift; sourceTree = "<group>"; };
		ED3BE2C82B6E93AC00CEC8FE /* MenuHelper.swift */ = {isa = PBXFileReference; lastKnownFileType = sourcecode.swift; path = MenuHelper.swift; sourceTree = "<group>"; };
		ED4535BB2BB60A9C00536491 /* String.swift */ = {isa = PBXFileReference; lastKnownFileType = sourcecode.swift; path = String.swift; sourceTree = "<group>"; };
		ED4535BE2BB60B2000536491 /* StringExtensionTests.swift */ = {isa = PBXFileReference; lastKnownFileType = sourcecode.swift; path = StringExtensionTests.swift; sourceTree = "<group>"; };
		ED45421B2BD86E720075E746 /* CrawledWallet.swift */ = {isa = PBXFileReference; lastKnownFileType = sourcecode.swift; path = CrawledWallet.swift; sourceTree = "<group>"; };
		ED45421D2BD874460075E746 /* AppVersion.swift */ = {isa = PBXFileReference; lastKnownFileType = sourcecode.swift; path = AppVersion.swift; sourceTree = "<group>"; };
		ED4E9F502B3DB64B0000F751 /* Bridge.swift */ = {isa = PBXFileReference; lastKnownFileType = sourcecode.swift; path = Bridge.swift; sourceTree = "<group>"; };
		ED4FA1CB2B4F0C360094D845 /* HelpViewController.swift */ = {isa = PBXFileReference; lastKnownFileType = sourcecode.swift; path = HelpViewController.swift; sourceTree = "<group>"; };
		ED57437A2B351E990001956A /* Automation.swift */ = {isa = PBXFileReference; lastKnownFileType = sourcecode.swift; path = Automation.swift; sourceTree = "<group>"; };
		ED57437C2B3641AF0001956A /* BrantaViewController.swift */ = {isa = PBXFileReference; lastKnownFileType = sourcecode.swift; path = BrantaViewController.swift; sourceTree = "<group>"; };
		ED611DDA2BC3574200FAE51B /* API.swift */ = {isa = PBXFileReference; lastKnownFileType = sourcecode.swift; path = API.swift; sourceTree = "<group>"; };
		ED643CD22B5168BF00FEBE36 /* VerifyTests.swift */ = {isa = PBXFileReference; lastKnownFileType = sourcecode.swift; path = VerifyTests.swift; sourceTree = "<group>"; };
		ED643CD42B519C3D00FEBE36 /* BrantaViewControllerTests.swift */ = {isa = PBXFileReference; lastKnownFileType = sourcecode.swift; path = BrantaViewControllerTests.swift; sourceTree = "<group>"; };
		ED643CD82B519F0A00FEBE36 /* AutomationTests.swift */ = {isa = PBXFileReference; lastKnownFileType = sourcecode.swift; path = AutomationTests.swift; sourceTree = "<group>"; };
		ED643CDC2B519F6600FEBE36 /* WalletTests.swift */ = {isa = PBXFileReference; lastKnownFileType = sourcecode.swift; path = WalletTests.swift; sourceTree = "<group>"; };
		ED643CDE2B51A00600FEBE36 /* SparrowTests.swift */ = {isa = PBXFileReference; lastKnownFileType = sourcecode.swift; path = SparrowTests.swift; sourceTree = "<group>"; };
		ED6B0F942B0F8E5700715283 /* bip39wordlist.txt */ = {isa = PBXFileReference; lastKnownFileType = text; path = bip39wordlist.txt; sourceTree = "<group>"; };
		ED73E9552B07D684005742BA /* Branta.app */ = {isa = PBXFileReference; explicitFileType = wrapper.application; includeInIndex = 0; path = Branta.app; sourceTree = BUILT_PRODUCTS_DIR; };
		ED73E9582B07D684005742BA /* AppDelegate.swift */ = {isa = PBXFileReference; lastKnownFileType = sourcecode.swift; path = AppDelegate.swift; sourceTree = "<group>"; };
		ED73E95C2B07D686005742BA /* Assets.xcassets */ = {isa = PBXFileReference; lastKnownFileType = folder.assetcatalog; path = Assets.xcassets; sourceTree = "<group>"; };
		ED73E95F2B07D686005742BA /* Base */ = {isa = PBXFileReference; lastKnownFileType = file.storyboard; name = Base; path = Base.lproj/Main.storyboard; sourceTree = "<group>"; };
		ED73E9612B07D686005742BA /* branta.entitlements */ = {isa = PBXFileReference; lastKnownFileType = text.plist.entitlements; path = branta.entitlements; sourceTree = "<group>"; };
		ED73E9662B07D686005742BA /* BrantaTests.xctest */ = {isa = PBXFileReference; explicitFileType = wrapper.cfbundle; includeInIndex = 0; path = BrantaTests.xctest; sourceTree = BUILT_PRODUCTS_DIR; };
		ED73E9702B07D686005742BA /* BrantaUITests.xctest */ = {isa = PBXFileReference; explicitFileType = wrapper.cfbundle; includeInIndex = 0; path = BrantaUITests.xctest; sourceTree = BUILT_PRODUCTS_DIR; };
		ED73E9742B07D686005742BA /* brantaUITests.swift */ = {isa = PBXFileReference; lastKnownFileType = sourcecode.swift; path = brantaUITests.swift; sourceTree = "<group>"; };
		ED73E9762B07D686005742BA /* brantaUITestsLaunchTests.swift */ = {isa = PBXFileReference; lastKnownFileType = sourcecode.swift; path = brantaUITestsLaunchTests.swift; sourceTree = "<group>"; };
		ED73E9862B0820C9005742BA /* Sparrow.swift */ = {isa = PBXFileReference; lastKnownFileType = sourcecode.swift; path = Sparrow.swift; sourceTree = "<group>"; };
		ED73E98A2B0820F1005742BA /* Wallet.swift */ = {isa = PBXFileReference; lastKnownFileType = sourcecode.swift; path = Wallet.swift; sourceTree = "<group>"; };
		ED7B16B12B556A650003EFEB /* Foreground.swift */ = {isa = PBXFileReference; lastKnownFileType = sourcecode.swift; path = Foreground.swift; sourceTree = "<group>"; };
		ED97B84D2B9F46A3007DD2F5 /* Updater.swift */ = {isa = PBXFileReference; lastKnownFileType = sourcecode.swift; path = Updater.swift; sourceTree = "<group>"; };
		ED9B39B02B94C8AC00F0BA86 /* SettingsView.swift */ = {isa = PBXFileReference; lastKnownFileType = sourcecode.swift; path = SettingsView.swift; sourceTree = "<group>"; };
		EDB075DA2B2F5815002C45A0 /* ClipboardTests.swift */ = {isa = PBXFileReference; fileEncoding = 4; lastKnownFileType = sourcecode.swift; path = ClipboardTests.swift; sourceTree = "<group>"; };
		EDB5B0C32B3A76D40015515F /* Observers.swift */ = {isa = PBXFileReference; lastKnownFileType = sourcecode.swift; path = Observers.swift; sourceTree = "<group>"; };
		EDB9F70C2BA9B7E300F0C005 /* NetworkViewController.swift */ = {isa = PBXFileReference; lastKnownFileType = sourcecode.swift; path = NetworkViewController.swift; sourceTree = "<group>"; };
		EDB9F70E2BA9D91600F0C005 /* TrafficMonitor.swift */ = {isa = PBXFileReference; lastKnownFileType = sourcecode.swift; path = TrafficMonitor.swift; sourceTree = "<group>"; };
		EDC310402B1F7A38005BCBBA /* NostrAddress.swift */ = {isa = PBXFileReference; lastKnownFileType = sourcecode.swift; path = NostrAddress.swift; sourceTree = "<group>"; };
		EDC6CA752BB8E4D1009C9342 /* Connection.swift */ = {isa = PBXFileReference; lastKnownFileType = sourcecode.swift; path = Connection.swift; sourceTree = "<group>"; };
		EDD0117E2B6580760091CAAD /* Installer.swift */ = {isa = PBXFileReference; lastKnownFileType = sourcecode.swift; path = Installer.swift; sourceTree = "<group>"; };
		EDD011812B67F5890091CAAD /* DropView.swift */ = {isa = PBXFileReference; lastKnownFileType = sourcecode.swift; path = DropView.swift; sourceTree = "<group>"; };
		EDD011832B6C56F00091CAAD /* Sha.swift */ = {isa = PBXFileReference; lastKnownFileType = sourcecode.swift; path = Sha.swift; sourceTree = "<group>"; };
		EDD011852B6D749D0091CAAD /* Settings.swift */ = {isa = PBXFileReference; lastKnownFileType = sourcecode.swift; path = Settings.swift; sourceTree = "<group>"; };
		EDD011872B6D80040091CAAD /* SettingsViewController.swift */ = {isa = PBXFileReference; lastKnownFileType = sourcecode.swift; path = SettingsViewController.swift; sourceTree = "<group>"; };
		EDD65EA42BC22CF100531800 /* BrantaLogger.swift */ = {isa = PBXFileReference; lastKnownFileType = sourcecode.swift; path = BrantaLogger.swift; sourceTree = "<group>"; };
		EDD65EA62BC231D000531800 /* BrantaConstants.swift */ = {isa = PBXFileReference; lastKnownFileType = sourcecode.swift; path = BrantaConstants.swift; sourceTree = "<group>"; };
		EDD915262B0C3C8000A288FE /* Verify.swift */ = {isa = PBXFileReference; lastKnownFileType = sourcecode.swift; path = Verify.swift; sourceTree = "<group>"; };
		EDE51F3E2BD3F943009D73DC /* YAMLSaver.swift */ = {isa = PBXFileReference; lastKnownFileType = sourcecode.swift; path = YAMLSaver.swift; sourceTree = "<group>"; };
		EDEAE53E2BB8F162002D7EE1 /* ConnectionTests.swift */ = {isa = PBXFileReference; lastKnownFileType = sourcecode.swift; path = ConnectionTests.swift; sourceTree = "<group>"; };
		EDEAE5402BB8F2E7002D7EE1 /* CommandTests.swift */ = {isa = PBXFileReference; lastKnownFileType = sourcecode.swift; path = CommandTests.swift; sourceTree = "<group>"; };
		EDFFC2BA2B39CF930052D92D /* HexColor.swift */ = {isa = PBXFileReference; lastKnownFileType = sourcecode.swift; path = HexColor.swift; sourceTree = "<group>"; };
/* End PBXFileReference section */

/* Begin PBXFrameworksBuildPhase section */
		ED73E9522B07D684005742BA /* Frameworks */ = {
			isa = PBXFrameworksBuildPhase;
			buildActionMask = 2147483647;
			files = (
				ED1A3C8B2BC4D98500895C5A /* Yams in Frameworks */,
				EDC31E0B2B84DBE4005F0C43 /* Countly in Frameworks */,
			);
			runOnlyForDeploymentPostprocessing = 0;
		};
		ED73E9632B07D686005742BA /* Frameworks */ = {
			isa = PBXFrameworksBuildPhase;
			buildActionMask = 2147483647;
			files = (
			);
			runOnlyForDeploymentPostprocessing = 0;
		};
		ED73E96D2B07D686005742BA /* Frameworks */ = {
			isa = PBXFrameworksBuildPhase;
			buildActionMask = 2147483647;
			files = (
			);
			runOnlyForDeploymentPostprocessing = 0;
		};
/* End PBXFrameworksBuildPhase section */

/* Begin PBXGroup section */
		ED04D6E82BB1A87900E5DE59 /* Bash */ = {
			isa = PBXGroup;
			children = (
				ED04D6E92BB1A8AB00E5DE59 /* Command.swift */,
				ED04D6E62BB1A52F00E5DE59 /* PID.swift */,
				ED04D6E42BB1A3C900E5DE59 /* Sudo.swift */,
			);
			path = Bash;
			sourceTree = "<group>";
		};
		ED1D573B2BC2DDDC0001DAD2 /* Utils */ = {
			isa = PBXGroup;
			children = (
				ED1A3C802BC41E8E00895C5A /* APITests.swift */,
				ED1D573C2BC2DDE30001DAD2 /* Bash */,
				EDEAE53E2BB8F162002D7EE1 /* ConnectionTests.swift */,
				ED1D573D2BC2DE2A0001DAD2 /* Extensions */,
				ED3A961D2BC2F81900262E72 /* ObserversTests.swift */,
				ED3A961B2BC2F33100262E72 /* ShaTests.swift */,
				ED3A96192BC2F15C00262E72 /* UpdaterTests.swift */,
				ED1D573E2BC2DE710001DAD2 /* VersionCompTests.swift */,
				ED1A3C852BC4390900895C5A /* ArchitectureTests.swift */,
			);
			path = Utils;
			sourceTree = "<group>";
		};
		ED1D573C2BC2DDE30001DAD2 /* Bash */ = {
			isa = PBXGroup;
			children = (
				EDEAE5402BB8F2E7002D7EE1 /* CommandTests.swift */,
				ED3A96212BC30A2A00262E72 /* PIDUtilTests.swift */,
			);
			path = Bash;
			sourceTree = "<group>";
		};
		ED1D573D2BC2DE2A0001DAD2 /* Extensions */ = {
			isa = PBXGroup;
			children = (
				ED3A961F2BC307F200262E72 /* HexColorTests.swift */,
				ED4535BE2BB60B2000536491 /* StringExtensionTests.swift */,
			);
			path = Extensions;
			sourceTree = "<group>";
		};
		ED26BA4F2BD190D100F42CD6 /* Data */ = {
			isa = PBXGroup;
			children = (
				ED6B0F942B0F8E5700715283 /* bip39wordlist.txt */,
				ED1A3C8C2BC4D9DF00895C5A /* InstallerHashes.yaml */,
				ED26BA502BD19A1000F42CD6 /* Mac_CheckSums.yaml */,
			);
			path = Data;
			sourceTree = "<group>";
		};
		ED2C6EF12B0AC59200EC577C /* Addresses */ = {
			isa = PBXGroup;
			children = (
				ED2C6EF22B0AC5AA00EC577C /* BitcoinAddress.swift */,
				EDC310402B1F7A38005BCBBA /* NostrAddress.swift */,
			);
			path = Addresses;
			sourceTree = "<group>";
		};
		ED2C6EF42B0BAF9600EC577C /* Utils */ = {
			isa = PBXGroup;
			children = (
				ED611DDA2BC3574200FAE51B /* API.swift */,
				ED1A3C832BC42C5A00895C5A /* Architecture.swift */,
				ED04D6E82BB1A87900E5DE59 /* Bash */,
				ED0DB8082BC5D990009AE5B2 /* BrantaAnalytics.swift */,
				EDD65EA62BC231D000531800 /* BrantaConstants.swift */,
				EDD65EA42BC22CF100531800 /* BrantaLogger.swift */,
				ED19A7A42B123F00004375C7 /* BrantaNotify.swift */,
				EDC6CA752BB8E4D1009C9342 /* Connection.swift */,
				ED45421B2BD86E720075E746 /* CrawledWallet.swift */,
				EDC2B8B82BBB558900E3265D /* Extensions */,
				ED3BE2C82B6E93AC00CEC8FE /* MenuHelper.swift */,
				EDB5B0C32B3A76D40015515F /* Observers.swift */,
				EDD011852B6D749D0091CAAD /* Settings.swift */,
				EDD011832B6C56F00091CAAD /* Sha.swift */,
				ED97B84D2B9F46A3007DD2F5 /* Updater.swift */,
				ED3170942B826494003D77D4 /* VersionComp.swift */,
				ED332B2B2BD2B004000C0EE4 /* YAMLParser.swift */,
				EDE51F3E2BD3F943009D73DC /* YAMLSaver.swift */,
				ED45421D2BD874460075E746 /* AppVersion.swift */,
			);
			path = Utils;
			sourceTree = "<group>";
		};
		ED34ACFF2B1800AF0038CAC5 /* Automations */ = {
			isa = PBXGroup;
			children = (
				ED57437A2B351E990001956A /* Automation.swift */,
				ED2C6EF52B0BAFA200EC577C /* Clipboard.swift */,
				ED7B16B12B556A650003EFEB /* Foreground.swift */,
				ED5743772B3517BD0001956A /* Helpers */,
				EDD0117E2B6580760091CAAD /* Installer.swift */,
				EDB9F70E2BA9D91600F0C005 /* TrafficMonitor.swift */,
				EDD915262B0C3C8000A288FE /* Verify.swift */,
			);
			path = Automations;
			sourceTree = "<group>";
		};
		ED34AD022B182B1C0038CAC5 /* ViewControllers */ = {
			isa = PBXGroup;
			children = (
				ED57437C2B3641AF0001956A /* BrantaViewController.swift */,
				ED4FA1CB2B4F0C360094D845 /* HelpViewController.swift */,
				EDB9F70C2BA9B7E300F0C005 /* NetworkViewController.swift */,
				EDD011872B6D80040091CAAD /* SettingsViewController.swift */,
			);
			path = ViewControllers;
			sourceTree = "<group>";
		};
		ED5743772B3517BD0001956A /* Helpers */ = {
			isa = PBXGroup;
			children = (
				ED2C6EF12B0AC59200EC577C /* Addresses */,
				ED4E9F502B3DB64B0000F751 /* Bridge.swift */,
				ED1A3C8E2BC4E04E00895C5A /* Matcher.swift */,
				ED73E9832B08207E005742BA /* Wallets */,
			);
			path = Helpers;
			sourceTree = "<group>";
		};
		ED643CD62B519EDF00FEBE36 /* ViewControllers */ = {
			isa = PBXGroup;
			children = (
				ED643CD42B519C3D00FEBE36 /* BrantaViewControllerTests.swift */,
			);
			path = ViewControllers;
			sourceTree = "<group>";
		};
		ED643CD72B519EE900FEBE36 /* Automations */ = {
			isa = PBXGroup;
			children = (
				ED643CD82B519F0A00FEBE36 /* AutomationTests.swift */,
				EDB075DA2B2F5815002C45A0 /* ClipboardTests.swift */,
				ED643CDA2B519F4D00FEBE36 /* Helpers */,
				ED643CD22B5168BF00FEBE36 /* VerifyTests.swift */,
			);
			path = Automations;
			sourceTree = "<group>";
		};
		ED643CDA2B519F4D00FEBE36 /* Helpers */ = {
			isa = PBXGroup;
			children = (
				ED1A3C872BC4401900895C5A /* BridgeTests.swift */,
				ED643CDB2B519F5500FEBE36 /* Wallets */,
			);
			path = Helpers;
			sourceTree = "<group>";
		};
		ED643CDB2B519F5500FEBE36 /* Wallets */ = {
			isa = PBXGroup;
			children = (
				ED643CDE2B51A00600FEBE36 /* SparrowTests.swift */,
				ED643CDC2B519F6600FEBE36 /* WalletTests.swift */,
			);
			path = Wallets;
			sourceTree = "<group>";
		};
		ED73E94C2B07D684005742BA = {
			isa = PBXGroup;
			children = (
				ED73E9572B07D684005742BA /* branta */,
				ED73E9692B07D686005742BA /* brantaTests */,
				ED73E9732B07D686005742BA /* brantaUITests */,
				ED73E9562B07D684005742BA /* Products */,
			);
			sourceTree = "<group>";
		};
		ED73E9562B07D684005742BA /* Products */ = {
			isa = PBXGroup;
			children = (
				ED73E9552B07D684005742BA /* Branta.app */,
				ED73E9662B07D686005742BA /* BrantaTests.xctest */,
				ED73E9702B07D686005742BA /* BrantaUITests.xctest */,
			);
			name = Products;
			sourceTree = "<group>";
		};
		ED73E9572B07D684005742BA /* branta */ = {
			isa = PBXGroup;
			children = (
				ED73E9582B07D684005742BA /* AppDelegate.swift */,
				ED73E95C2B07D686005742BA /* Assets.xcassets */,
				ED34ACFF2B1800AF0038CAC5 /* Automations */,
				ED73E9612B07D686005742BA /* branta.entitlements */,
				ED26BA4F2BD190D100F42CD6 /* Data */,
				ED73E95E2B07D686005742BA /* Main.storyboard */,
				ED2C6EF42B0BAF9600EC577C /* Utils */,
				ED34AD022B182B1C0038CAC5 /* ViewControllers */,
				EDD011802B67F5750091CAAD /* Views */,
			);
			path = branta;
			sourceTree = "<group>";
		};
		ED73E9692B07D686005742BA /* brantaTests */ = {
			isa = PBXGroup;
			children = (
				ED643CD72B519EE900FEBE36 /* Automations */,
				ED1D573B2BC2DDDC0001DAD2 /* Utils */,
				ED643CD62B519EDF00FEBE36 /* ViewControllers */,
			);
			path = brantaTests;
			sourceTree = "<group>";
		};
		ED73E9732B07D686005742BA /* brantaUITests */ = {
			isa = PBXGroup;
			children = (
				ED73E9742B07D686005742BA /* brantaUITests.swift */,
				ED73E9762B07D686005742BA /* brantaUITestsLaunchTests.swift */,
			);
			path = brantaUITests;
			sourceTree = "<group>";
		};
		ED73E9832B08207E005742BA /* Wallets */ = {
			isa = PBXGroup;
			children = (
				ED73E9862B0820C9005742BA /* Sparrow.swift */,
				ED73E98A2B0820F1005742BA /* Wallet.swift */,
			);
			path = Wallets;
			sourceTree = "<group>";
		};
		EDC2B8B82BBB558900E3265D /* Extensions */ = {
			isa = PBXGroup;
			children = (
				ED4535BB2BB60A9C00536491 /* String.swift */,
				EDFFC2BA2B39CF930052D92D /* HexColor.swift */,
			);
			path = Extensions;
			sourceTree = "<group>";
		};
		EDD011802B67F5750091CAAD /* Views */ = {
			isa = PBXGroup;
			children = (
				EDD011812B67F5890091CAAD /* DropView.swift */,
				ED9B39B02B94C8AC00F0BA86 /* SettingsView.swift */,
			);
			path = Views;
			sourceTree = "<group>";
		};
/* End PBXGroup section */

/* Begin PBXNativeTarget section */
		ED73E9542B07D684005742BA /* Branta */ = {
			isa = PBXNativeTarget;
			buildConfigurationList = ED73E97A2B07D686005742BA /* Build configuration list for PBXNativeTarget "Branta" */;
			buildPhases = (
				ED73E9512B07D684005742BA /* Sources */,
				ED73E9522B07D684005742BA /* Frameworks */,
				ED73E9532B07D684005742BA /* Resources */,
			);
			buildRules = (
			);
			dependencies = (
			);
			name = Branta;
			packageProductDependencies = (
				EDC31E0A2B84DBE4005F0C43 /* Countly */,
				ED1A3C8A2BC4D98500895C5A /* Yams */,
			);
			productName = branta;
			productReference = ED73E9552B07D684005742BA /* Branta.app */;
			productType = "com.apple.product-type.application";
		};
		ED73E9652B07D686005742BA /* BrantaTests */ = {
			isa = PBXNativeTarget;
			buildConfigurationList = ED73E97D2B07D686005742BA /* Build configuration list for PBXNativeTarget "BrantaTests" */;
			buildPhases = (
				ED73E9622B07D686005742BA /* Sources */,
				ED73E9632B07D686005742BA /* Frameworks */,
				ED73E9642B07D686005742BA /* Resources */,
			);
			buildRules = (
			);
			dependencies = (
				ED73E9682B07D686005742BA /* PBXTargetDependency */,
			);
			name = BrantaTests;
			productName = brantaTests;
			productReference = ED73E9662B07D686005742BA /* BrantaTests.xctest */;
			productType = "com.apple.product-type.bundle.unit-test";
		};
		ED73E96F2B07D686005742BA /* BrantaUITests */ = {
			isa = PBXNativeTarget;
			buildConfigurationList = ED73E9802B07D686005742BA /* Build configuration list for PBXNativeTarget "BrantaUITests" */;
			buildPhases = (
				ED73E96C2B07D686005742BA /* Sources */,
				ED73E96D2B07D686005742BA /* Frameworks */,
				ED73E96E2B07D686005742BA /* Resources */,
			);
			buildRules = (
			);
			dependencies = (
				ED73E9722B07D686005742BA /* PBXTargetDependency */,
			);
			name = BrantaUITests;
			productName = brantaUITests;
			productReference = ED73E9702B07D686005742BA /* BrantaUITests.xctest */;
			productType = "com.apple.product-type.bundle.ui-testing";
		};
/* End PBXNativeTarget section */

/* Begin PBXProject section */
		ED73E94D2B07D684005742BA /* Project object */ = {
			isa = PBXProject;
			attributes = {
				BuildIndependentTargetsInParallel = 1;
				LastSwiftUpdateCheck = 1420;
				LastUpgradeCheck = 1420;
				TargetAttributes = {
					ED73E9542B07D684005742BA = {
						CreatedOnToolsVersion = 14.2;
					};
					ED73E9652B07D686005742BA = {
						CreatedOnToolsVersion = 14.2;
						TestTargetID = ED73E9542B07D684005742BA;
					};
					ED73E96F2B07D686005742BA = {
						CreatedOnToolsVersion = 14.2;
						TestTargetID = ED73E9542B07D684005742BA;
					};
				};
			};
			buildConfigurationList = ED73E9502B07D684005742BA /* Build configuration list for PBXProject "branta" */;
			compatibilityVersion = "Xcode 14.0";
			developmentRegion = en;
			hasScannedForEncodings = 0;
			knownRegions = (
				en,
				Base,
			);
			mainGroup = ED73E94C2B07D684005742BA;
			packageReferences = (
				EDC31E092B84DBE4005F0C43 /* XCRemoteSwiftPackageReference "countly-sdk-ios" */,
				ED1A3C892BC4D98500895C5A /* XCRemoteSwiftPackageReference "Yams" */,
			);
			productRefGroup = ED73E9562B07D684005742BA /* Products */;
			projectDirPath = "";
			projectRoot = "";
			targets = (
				ED73E9542B07D684005742BA /* Branta */,
				ED73E9652B07D686005742BA /* BrantaTests */,
				ED73E96F2B07D686005742BA /* BrantaUITests */,
			);
		};
/* End PBXProject section */

/* Begin PBXResourcesBuildPhase section */
		ED73E9532B07D684005742BA /* Resources */ = {
			isa = PBXResourcesBuildPhase;
			buildActionMask = 2147483647;
			files = (
				ED26BA512BD19A1000F42CD6 /* Mac_CheckSums.yaml in Resources */,
				ED73E95D2B07D686005742BA /* Assets.xcassets in Resources */,
				ED6B0F952B0F8E5700715283 /* bip39wordlist.txt in Resources */,
				ED73E9602B07D686005742BA /* Main.storyboard in Resources */,
				ED1A3C8D2BC4D9DF00895C5A /* InstallerHashes.yaml in Resources */,
			);
			runOnlyForDeploymentPostprocessing = 0;
		};
		ED73E9642B07D686005742BA /* Resources */ = {
			isa = PBXResourcesBuildPhase;
			buildActionMask = 2147483647;
			files = (
			);
			runOnlyForDeploymentPostprocessing = 0;
		};
		ED73E96E2B07D686005742BA /* Resources */ = {
			isa = PBXResourcesBuildPhase;
			buildActionMask = 2147483647;
			files = (
			);
			runOnlyForDeploymentPostprocessing = 0;
		};
/* End PBXResourcesBuildPhase section */

/* Begin PBXSourcesBuildPhase section */
		ED73E9512B07D684005742BA /* Sources */ = {
			isa = PBXSourcesBuildPhase;
			buildActionMask = 2147483647;
			files = (
				ED4E9F512B3DB64B0000F751 /* Bridge.swift in Sources */,
				ED3170952B826494003D77D4 /* VersionComp.swift in Sources */,
				ED45421E2BD874460075E746 /* AppVersion.swift in Sources */,
				EDD011882B6D80040091CAAD /* SettingsViewController.swift in Sources */,
				EDD65EA52BC22CF100531800 /* BrantaLogger.swift in Sources */,
				EDFFC2BB2B39CF930052D92D /* HexColor.swift in Sources */,
				ED332B2C2BD2B004000C0EE4 /* YAMLParser.swift in Sources */,
				EDB9F70F2BA9D91600F0C005 /* TrafficMonitor.swift in Sources */,
				ED73E98B2B0820F1005742BA /* Wallet.swift in Sources */,
				ED0DB8092BC5D990009AE5B2 /* BrantaAnalytics.swift in Sources */,
				EDB5B0C42B3A76D40015515F /* Observers.swift in Sources */,
				ED04D6E52BB1A3C900E5DE59 /* Sudo.swift in Sources */,
				EDC310412B1F7A38005BCBBA /* NostrAddress.swift in Sources */,
				ED73E9592B07D684005742BA /* AppDelegate.swift in Sources */,
				ED19A7A52B123F00004375C7 /* BrantaNotify.swift in Sources */,
				EDB9F70D2BA9B7E300F0C005 /* NetworkViewController.swift in Sources */,
				ED04D6E72BB1A52F00E5DE59 /* PID.swift in Sources */,
				ED04D6EA2BB1A8AB00E5DE59 /* Command.swift in Sources */,
				EDD915272B0C3C8000A288FE /* Verify.swift in Sources */,
				EDC6CA762BB8E4D1009C9342 /* Connection.swift in Sources */,
				ED73E9872B0820C9005742BA /* Sparrow.swift in Sources */,
				ED4FA1CC2B4F0C360094D845 /* HelpViewController.swift in Sources */,
				EDD65EA72BC231D000531800 /* BrantaConstants.swift in Sources */,
				ED1A3C842BC42C5A00895C5A /* Architecture.swift in Sources */,
				ED3BE2C92B6E93AC00CEC8FE /* MenuHelper.swift in Sources */,
				ED1A3C8F2BC4E04E00895C5A /* Matcher.swift in Sources */,
				ED57437D2B3641AF0001956A /* BrantaViewController.swift in Sources */,
				ED97B84E2B9F46A3007DD2F5 /* Updater.swift in Sources */,
				EDD011842B6C56F00091CAAD /* Sha.swift in Sources */,
				EDD011822B67F5890091CAAD /* DropView.swift in Sources */,
				EDD0117F2B6580760091CAAD /* Installer.swift in Sources */,
				EDE51F3F2BD3F943009D73DC /* YAMLSaver.swift in Sources */,
				ED9B39B12B94C8AC00F0BA86 /* SettingsView.swift in Sources */,
				EDD011862B6D749D0091CAAD /* Settings.swift in Sources */,
				ED45421C2BD86E720075E746 /* CrawledWallet.swift in Sources */,
				ED2C6EF32B0AC5AA00EC577C /* BitcoinAddress.swift in Sources */,
				ED611DDB2BC3574200FAE51B /* API.swift in Sources */,
				ED57437B2B351E990001956A /* Automation.swift in Sources */,
				ED4535BC2BB60A9C00536491 /* String.swift in Sources */,
				ED2C6EF62B0BAFA200EC577C /* Clipboard.swift in Sources */,
				ED7B16B22B556A650003EFEB /* Foreground.swift in Sources */,
			);
			runOnlyForDeploymentPostprocessing = 0;
		};
		ED73E9622B07D686005742BA /* Sources */ = {
			isa = PBXSourcesBuildPhase;
			buildActionMask = 2147483647;
			files = (
				ED643CD32B5168BF00FEBE36 /* VerifyTests.swift in Sources */,
				EDEAE5412BB8F2E7002D7EE1 /* CommandTests.swift in Sources */,
				ED643CD92B519F0A00FEBE36 /* AutomationTests.swift in Sources */,
				ED3A96202BC307F200262E72 /* HexColorTests.swift in Sources */,
				EDEAE53F2BB8F162002D7EE1 /* ConnectionTests.swift in Sources */,
				ED643CD52B519C3D00FEBE36 /* BrantaViewControllerTests.swift in Sources */,
				ED1A3C812BC41E8E00895C5A /* APITests.swift in Sources */,
				ED1A3C882BC4401900895C5A /* BridgeTests.swift in Sources */,
				ED3A96222BC30A2A00262E72 /* PIDUtilTests.swift in Sources */,
				EDB075DB2B2F5815002C45A0 /* ClipboardTests.swift in Sources */,
				ED3A961E2BC2F81900262E72 /* ObserversTests.swift in Sources */,
				ED4535C02BB60B7700536491 /* StringExtensionTests.swift in Sources */,
				ED1D573F2BC2DE710001DAD2 /* VersionCompTests.swift in Sources */,
				ED3A961C2BC2F33100262E72 /* ShaTests.swift in Sources */,
				ED3A961A2BC2F15C00262E72 /* UpdaterTests.swift in Sources */,
				ED643CDD2B519F6600FEBE36 /* WalletTests.swift in Sources */,
				ED1A3C862BC4390900895C5A /* ArchitectureTests.swift in Sources */,
				ED643CDF2B51A00600FEBE36 /* SparrowTests.swift in Sources */,
			);
			runOnlyForDeploymentPostprocessing = 0;
		};
		ED73E96C2B07D686005742BA /* Sources */ = {
			isa = PBXSourcesBuildPhase;
			buildActionMask = 2147483647;
			files = (
				ED73E9772B07D686005742BA /* brantaUITestsLaunchTests.swift in Sources */,
				ED73E9752B07D686005742BA /* brantaUITests.swift in Sources */,
			);
			runOnlyForDeploymentPostprocessing = 0;
		};
/* End PBXSourcesBuildPhase section */

/* Begin PBXTargetDependency section */
		ED73E9682B07D686005742BA /* PBXTargetDependency */ = {
			isa = PBXTargetDependency;
			target = ED73E9542B07D684005742BA /* Branta */;
			targetProxy = ED73E9672B07D686005742BA /* PBXContainerItemProxy */;
		};
		ED73E9722B07D686005742BA /* PBXTargetDependency */ = {
			isa = PBXTargetDependency;
			target = ED73E9542B07D684005742BA /* Branta */;
			targetProxy = ED73E9712B07D686005742BA /* PBXContainerItemProxy */;
		};
/* End PBXTargetDependency section */

/* Begin PBXVariantGroup section */
		ED73E95E2B07D686005742BA /* Main.storyboard */ = {
			isa = PBXVariantGroup;
			children = (
				ED73E95F2B07D686005742BA /* Base */,
			);
			name = Main.storyboard;
			sourceTree = "<group>";
		};
/* End PBXVariantGroup section */

/* Begin XCBuildConfiguration section */
		ED73E9782B07D686005742BA /* Debug */ = {
			isa = XCBuildConfiguration;
			buildSettings = {
				ALWAYS_SEARCH_USER_PATHS = NO;
				CLANG_ANALYZER_NONNULL = YES;
				CLANG_ANALYZER_NUMBER_OBJECT_CONVERSION = YES_AGGRESSIVE;
				CLANG_CXX_LANGUAGE_STANDARD = "gnu++20";
				CLANG_ENABLE_MODULES = YES;
				CLANG_ENABLE_OBJC_ARC = YES;
				CLANG_ENABLE_OBJC_WEAK = YES;
				CLANG_WARN_BLOCK_CAPTURE_AUTORELEASING = YES;
				CLANG_WARN_BOOL_CONVERSION = YES;
				CLANG_WARN_COMMA = YES;
				CLANG_WARN_CONSTANT_CONVERSION = YES;
				CLANG_WARN_DEPRECATED_OBJC_IMPLEMENTATIONS = YES;
				CLANG_WARN_DIRECT_OBJC_ISA_USAGE = YES_ERROR;
				CLANG_WARN_DOCUMENTATION_COMMENTS = YES;
				CLANG_WARN_EMPTY_BODY = YES;
				CLANG_WARN_ENUM_CONVERSION = YES;
				CLANG_WARN_INFINITE_RECURSION = YES;
				CLANG_WARN_INT_CONVERSION = YES;
				CLANG_WARN_NON_LITERAL_NULL_CONVERSION = YES;
				CLANG_WARN_OBJC_IMPLICIT_RETAIN_SELF = YES;
				CLANG_WARN_OBJC_LITERAL_CONVERSION = YES;
				CLANG_WARN_OBJC_ROOT_CLASS = YES_ERROR;
				CLANG_WARN_QUOTED_INCLUDE_IN_FRAMEWORK_HEADER = YES;
				CLANG_WARN_RANGE_LOOP_ANALYSIS = YES;
				CLANG_WARN_STRICT_PROTOTYPES = YES;
				CLANG_WARN_SUSPICIOUS_MOVE = YES;
				CLANG_WARN_UNGUARDED_AVAILABILITY = YES_AGGRESSIVE;
				CLANG_WARN_UNREACHABLE_CODE = YES;
				CLANG_WARN__DUPLICATE_METHOD_MATCH = YES;
				COPY_PHASE_STRIP = NO;
				DEBUG_INFORMATION_FORMAT = dwarf;
				ENABLE_STRICT_OBJC_MSGSEND = YES;
				ENABLE_TESTABILITY = YES;
				GCC_C_LANGUAGE_STANDARD = gnu11;
				GCC_DYNAMIC_NO_PIC = NO;
				GCC_NO_COMMON_BLOCKS = YES;
				GCC_OPTIMIZATION_LEVEL = 0;
				GCC_PREPROCESSOR_DEFINITIONS = (
					"DEBUG=1",
					"$(inherited)",
				);
				GCC_WARN_64_TO_32_BIT_CONVERSION = YES;
				GCC_WARN_ABOUT_RETURN_TYPE = YES_ERROR;
				GCC_WARN_UNDECLARED_SELECTOR = YES;
				GCC_WARN_UNINITIALIZED_AUTOS = YES_AGGRESSIVE;
				GCC_WARN_UNUSED_FUNCTION = YES;
				GCC_WARN_UNUSED_VARIABLE = YES;
				MACOSX_DEPLOYMENT_TARGET = 12.7;
				MTL_ENABLE_DEBUG_INFO = INCLUDE_SOURCE;
				MTL_FAST_MATH = YES;
				ONLY_ACTIVE_ARCH = YES;
				SDKROOT = macosx;
				SWIFT_ACTIVE_COMPILATION_CONDITIONS = DEBUG;
				SWIFT_OPTIMIZATION_LEVEL = "-Onone";
			};
			name = Debug;
		};
		ED73E9792B07D686005742BA /* Release */ = {
			isa = XCBuildConfiguration;
			buildSettings = {
				ALWAYS_SEARCH_USER_PATHS = NO;
				CLANG_ANALYZER_NONNULL = YES;
				CLANG_ANALYZER_NUMBER_OBJECT_CONVERSION = YES_AGGRESSIVE;
				CLANG_CXX_LANGUAGE_STANDARD = "gnu++20";
				CLANG_ENABLE_MODULES = YES;
				CLANG_ENABLE_OBJC_ARC = YES;
				CLANG_ENABLE_OBJC_WEAK = YES;
				CLANG_WARN_BLOCK_CAPTURE_AUTORELEASING = YES;
				CLANG_WARN_BOOL_CONVERSION = YES;
				CLANG_WARN_COMMA = YES;
				CLANG_WARN_CONSTANT_CONVERSION = YES;
				CLANG_WARN_DEPRECATED_OBJC_IMPLEMENTATIONS = YES;
				CLANG_WARN_DIRECT_OBJC_ISA_USAGE = YES_ERROR;
				CLANG_WARN_DOCUMENTATION_COMMENTS = YES;
				CLANG_WARN_EMPTY_BODY = YES;
				CLANG_WARN_ENUM_CONVERSION = YES;
				CLANG_WARN_INFINITE_RECURSION = YES;
				CLANG_WARN_INT_CONVERSION = YES;
				CLANG_WARN_NON_LITERAL_NULL_CONVERSION = YES;
				CLANG_WARN_OBJC_IMPLICIT_RETAIN_SELF = YES;
				CLANG_WARN_OBJC_LITERAL_CONVERSION = YES;
				CLANG_WARN_OBJC_ROOT_CLASS = YES_ERROR;
				CLANG_WARN_QUOTED_INCLUDE_IN_FRAMEWORK_HEADER = YES;
				CLANG_WARN_RANGE_LOOP_ANALYSIS = YES;
				CLANG_WARN_STRICT_PROTOTYPES = YES;
				CLANG_WARN_SUSPICIOUS_MOVE = YES;
				CLANG_WARN_UNGUARDED_AVAILABILITY = YES_AGGRESSIVE;
				CLANG_WARN_UNREACHABLE_CODE = YES;
				CLANG_WARN__DUPLICATE_METHOD_MATCH = YES;
				COPY_PHASE_STRIP = NO;
				DEBUG_INFORMATION_FORMAT = "dwarf-with-dsym";
				ENABLE_NS_ASSERTIONS = NO;
				ENABLE_STRICT_OBJC_MSGSEND = YES;
				GCC_C_LANGUAGE_STANDARD = gnu11;
				GCC_NO_COMMON_BLOCKS = YES;
				GCC_WARN_64_TO_32_BIT_CONVERSION = YES;
				GCC_WARN_ABOUT_RETURN_TYPE = YES_ERROR;
				GCC_WARN_UNDECLARED_SELECTOR = YES;
				GCC_WARN_UNINITIALIZED_AUTOS = YES_AGGRESSIVE;
				GCC_WARN_UNUSED_FUNCTION = YES;
				GCC_WARN_UNUSED_VARIABLE = YES;
				MACOSX_DEPLOYMENT_TARGET = 12.7;
				MTL_ENABLE_DEBUG_INFO = NO;
				MTL_FAST_MATH = YES;
				SDKROOT = macosx;
				SWIFT_COMPILATION_MODE = wholemodule;
				SWIFT_OPTIMIZATION_LEVEL = "-O";
			};
			name = Release;
		};
		ED73E97B2B07D686005742BA /* Debug */ = {
			isa = XCBuildConfiguration;
			buildSettings = {
				ASSETCATALOG_COMPILER_APPICON_NAME = AppIcon;
				ASSETCATALOG_COMPILER_GLOBAL_ACCENT_COLOR_NAME = AccentColor;
				ASSETCATALOG_COMPILER_INCLUDE_ALL_APPICON_ASSETS = YES;
				CODE_SIGN_ENTITLEMENTS = branta/branta.entitlements;
				CODE_SIGN_IDENTITY = "Apple Development";
				"CODE_SIGN_IDENTITY[sdk=macosx*]" = "-";
				CODE_SIGN_STYLE = Manual;
				COMBINE_HIDPI_IMAGES = YES;
				CURRENT_PROJECT_VERSION = 1.beta;
				DEVELOPMENT_TEAM = "";
				"DEVELOPMENT_TEAM[sdk=macosx*]" = "";
				ENABLE_HARDENED_RUNTIME = YES;
				GENERATE_INFOPLIST_FILE = YES;
				INFOPLIST_KEY_CFBundleDisplayName = Branta;
				INFOPLIST_KEY_LSApplicationCategoryType = "public.app-category.utilities";
				INFOPLIST_KEY_NSHumanReadableCopyright = "";
				INFOPLIST_KEY_NSMainStoryboardFile = Main;
				INFOPLIST_KEY_NSPrincipalClass = NSApplication;
				LD_RUNPATH_SEARCH_PATHS = (
					"$(inherited)",
					"@executable_path/../Frameworks",
				);
				MACOSX_DEPLOYMENT_TARGET = 11.0;
				MARKETING_VERSION = "2.0-beta";
				PRODUCT_BUNDLE_IDENTIFIER = keith.branta;
				PRODUCT_NAME = "$(TARGET_NAME)";
				PROVISIONING_PROFILE_SPECIFIER = "";
				SWIFT_EMIT_LOC_STRINGS = YES;
				SWIFT_VERSION = 5.0;
			};
			name = Debug;
		};
		ED73E97C2B07D686005742BA /* Release */ = {
			isa = XCBuildConfiguration;
			buildSettings = {
				ASSETCATALOG_COMPILER_APPICON_NAME = AppIcon;
				ASSETCATALOG_COMPILER_GLOBAL_ACCENT_COLOR_NAME = AccentColor;
				ASSETCATALOG_COMPILER_INCLUDE_ALL_APPICON_ASSETS = YES;
				CODE_SIGN_ENTITLEMENTS = branta/branta.entitlements;
				CODE_SIGN_IDENTITY = "Apple Development";
				"CODE_SIGN_IDENTITY[sdk=macosx*]" = "-";
				CODE_SIGN_STYLE = Manual;
				COMBINE_HIDPI_IMAGES = YES;
				CURRENT_PROJECT_VERSION = 1.beta;
				DEVELOPMENT_TEAM = "";
				"DEVELOPMENT_TEAM[sdk=macosx*]" = "";
				ENABLE_HARDENED_RUNTIME = YES;
				GENERATE_INFOPLIST_FILE = YES;
				INFOPLIST_KEY_CFBundleDisplayName = Branta;
				INFOPLIST_KEY_LSApplicationCategoryType = "public.app-category.utilities";
				INFOPLIST_KEY_NSHumanReadableCopyright = "";
				INFOPLIST_KEY_NSMainStoryboardFile = Main;
				INFOPLIST_KEY_NSPrincipalClass = NSApplication;
				LD_RUNPATH_SEARCH_PATHS = (
					"$(inherited)",
					"@executable_path/../Frameworks",
				);
				MACOSX_DEPLOYMENT_TARGET = 11.0;
				MARKETING_VERSION = "2.0-beta";
				PRODUCT_BUNDLE_IDENTIFIER = keith.branta;
				PRODUCT_NAME = "$(TARGET_NAME)";
				PROVISIONING_PROFILE_SPECIFIER = "";
				SWIFT_EMIT_LOC_STRINGS = YES;
				SWIFT_VERSION = 5.0;
			};
			name = Release;
		};
		ED73E97E2B07D686005742BA /* Debug */ = {
			isa = XCBuildConfiguration;
			buildSettings = {
				ALWAYS_EMBED_SWIFT_STANDARD_LIBRARIES = YES;
				BUNDLE_LOADER = "$(TEST_HOST)";
				CODE_SIGN_IDENTITY = "Apple Development";
				"CODE_SIGN_IDENTITY[sdk=macosx*]" = "Apple Development";
				CODE_SIGN_STYLE = Manual;
				CURRENT_PROJECT_VERSION = 1;
				DEVELOPMENT_TEAM = "";
				"DEVELOPMENT_TEAM[sdk=macosx*]" = 5Q5VTGZNGV;
				GENERATE_INFOPLIST_FILE = YES;
				MACOSX_DEPLOYMENT_TARGET = 12.7;
				MARKETING_VERSION = 1.0;
				PRODUCT_BUNDLE_IDENTIFIER = keith.brantaTests;
				PRODUCT_NAME = "$(TARGET_NAME)";
				PROVISIONING_PROFILE_SPECIFIER = "";
				SWIFT_EMIT_LOC_STRINGS = NO;
				SWIFT_VERSION = 5.0;
				TEST_HOST = "$(BUILT_PRODUCTS_DIR)/Branta.app/$(BUNDLE_EXECUTABLE_FOLDER_PATH)/Branta";
			};
			name = Debug;
		};
		ED73E97F2B07D686005742BA /* Release */ = {
			isa = XCBuildConfiguration;
			buildSettings = {
				ALWAYS_EMBED_SWIFT_STANDARD_LIBRARIES = YES;
				BUNDLE_LOADER = "$(TEST_HOST)";
				CODE_SIGN_IDENTITY = "Apple Development";
				"CODE_SIGN_IDENTITY[sdk=macosx*]" = "Apple Development";
				CODE_SIGN_STYLE = Manual;
				CURRENT_PROJECT_VERSION = 1;
				DEVELOPMENT_TEAM = "";
				"DEVELOPMENT_TEAM[sdk=macosx*]" = 5Q5VTGZNGV;
				GENERATE_INFOPLIST_FILE = YES;
				MACOSX_DEPLOYMENT_TARGET = 12.7;
				MARKETING_VERSION = 1.0;
				PRODUCT_BUNDLE_IDENTIFIER = keith.brantaTests;
				PRODUCT_NAME = "$(TARGET_NAME)";
				PROVISIONING_PROFILE_SPECIFIER = "";
				SWIFT_EMIT_LOC_STRINGS = NO;
				SWIFT_VERSION = 5.0;
				TEST_HOST = "$(BUILT_PRODUCTS_DIR)/Branta.app/$(BUNDLE_EXECUTABLE_FOLDER_PATH)/Branta";
			};
			name = Release;
		};
		ED73E9812B07D686005742BA /* Debug */ = {
			isa = XCBuildConfiguration;
			buildSettings = {
				ALWAYS_EMBED_SWIFT_STANDARD_LIBRARIES = YES;
				"CODE_SIGN_IDENTITY[sdk=macosx*]" = "Apple Development";
				CODE_SIGN_STYLE = Automatic;
				CURRENT_PROJECT_VERSION = 1;
				DEVELOPMENT_TEAM = 5Q5VTGZNGV;
				GENERATE_INFOPLIST_FILE = YES;
				MARKETING_VERSION = 1.0;
				PRODUCT_BUNDLE_IDENTIFIER = keith.brantaUITests;
				PRODUCT_NAME = "$(TARGET_NAME)";
				SWIFT_EMIT_LOC_STRINGS = NO;
				SWIFT_VERSION = 5.0;
				TEST_TARGET_NAME = branta;
			};
			name = Debug;
		};
		ED73E9822B07D686005742BA /* Release */ = {
			isa = XCBuildConfiguration;
			buildSettings = {
				ALWAYS_EMBED_SWIFT_STANDARD_LIBRARIES = YES;
				"CODE_SIGN_IDENTITY[sdk=macosx*]" = "Apple Development";
				CODE_SIGN_STYLE = Automatic;
				CURRENT_PROJECT_VERSION = 1;
				DEVELOPMENT_TEAM = 5Q5VTGZNGV;
				GENERATE_INFOPLIST_FILE = YES;
				MARKETING_VERSION = 1.0;
				PRODUCT_BUNDLE_IDENTIFIER = keith.brantaUITests;
				PRODUCT_NAME = "$(TARGET_NAME)";
				SWIFT_EMIT_LOC_STRINGS = NO;
				SWIFT_VERSION = 5.0;
				TEST_TARGET_NAME = branta;
			};
			name = Release;
		};
/* End XCBuildConfiguration section */

/* Begin XCConfigurationList section */
		ED73E9502B07D684005742BA /* Build configuration list for PBXProject "branta" */ = {
			isa = XCConfigurationList;
			buildConfigurations = (
				ED73E9782B07D686005742BA /* Debug */,
				ED73E9792B07D686005742BA /* Release */,
			);
			defaultConfigurationIsVisible = 0;
			defaultConfigurationName = Release;
		};
		ED73E97A2B07D686005742BA /* Build configuration list for PBXNativeTarget "Branta" */ = {
			isa = XCConfigurationList;
			buildConfigurations = (
				ED73E97B2B07D686005742BA /* Debug */,
				ED73E97C2B07D686005742BA /* Release */,
			);
			defaultConfigurationIsVisible = 0;
			defaultConfigurationName = Release;
		};
		ED73E97D2B07D686005742BA /* Build configuration list for PBXNativeTarget "BrantaTests" */ = {
			isa = XCConfigurationList;
			buildConfigurations = (
				ED73E97E2B07D686005742BA /* Debug */,
				ED73E97F2B07D686005742BA /* Release */,
			);
			defaultConfigurationIsVisible = 0;
			defaultConfigurationName = Release;
		};
		ED73E9802B07D686005742BA /* Build configuration list for PBXNativeTarget "BrantaUITests" */ = {
			isa = XCConfigurationList;
			buildConfigurations = (
				ED73E9812B07D686005742BA /* Debug */,
				ED73E9822B07D686005742BA /* Release */,
			);
			defaultConfigurationIsVisible = 0;
			defaultConfigurationName = Release;
		};
/* End XCConfigurationList section */

/* Begin XCRemoteSwiftPackageReference section */
		ED1A3C892BC4D98500895C5A /* XCRemoteSwiftPackageReference "Yams" */ = {
			isa = XCRemoteSwiftPackageReference;
			repositoryURL = "https://github.com/jpsim/Yams.git";
			requirement = {
				kind = upToNextMajorVersion;
				minimumVersion = 5.0.0;
			};
		};
		EDC31E092B84DBE4005F0C43 /* XCRemoteSwiftPackageReference "countly-sdk-ios" */ = {
			isa = XCRemoteSwiftPackageReference;
			repositoryURL = "https://github.com/Countly/countly-sdk-ios.git";
			requirement = {
				kind = upToNextMajorVersion;
				minimumVersion = 24.0.0;
			};
		};
/* End XCRemoteSwiftPackageReference section */

/* Begin XCSwiftPackageProductDependency section */
		ED1A3C8A2BC4D98500895C5A /* Yams */ = {
			isa = XCSwiftPackageProductDependency;
			package = ED1A3C892BC4D98500895C5A /* XCRemoteSwiftPackageReference "Yams" */;
			productName = Yams;
		};
		EDC31E0A2B84DBE4005F0C43 /* Countly */ = {
			isa = XCSwiftPackageProductDependency;
			package = EDC31E092B84DBE4005F0C43 /* XCRemoteSwiftPackageReference "countly-sdk-ios" */;
			productName = Countly;
		};
/* End XCSwiftPackageProductDependency section */
	};
	rootObject = ED73E94D2B07D684005742BA /* Project object */;
}
