{
  "pins" : [
    {
      "identity" : "countly-sdk-ios",
      "kind" : "remoteSourceControl",
      "location" : "https://github.com/Countly/countly-sdk-ios.git",
      "state" : {
        "revision" : "e85b2ae20e6c76facf553d5630044b85f006c99a",
        "version" : "24.1.0"
      }
    },
    {
      "identity" : "sentry-cocoa",
      "kind" : "remoteSourceControl",
      "location" : "https://github.com/getsentry/sentry-cocoa.git",
      "state" : {
        "revision" : "a3e15ba9fd6c8efc6515ad9d6f3337bb2dc2e1e3",
        "version" : "8.17.0"
      }
    }
  ],
  "version" : 2
}
